// !$*UTF8*$!
{
	archiveVersion = 1;
	classes = {
	};
	objectVersion = 50;
	objects = {

/* Begin PBXBuildFile section */
		04416D342423505800E9EAD5 /* GoogleVisionAPICaller.swift in Sources */ = {isa = PBXBuildFile; fileRef = 04416D332423505800E9EAD5 /* GoogleVisionAPICaller.swift */; };
		0AC33A64D76FF558A569EF4D /* libPods-OutfitCheck.a in Frameworks */ = {isa = PBXBuildFile; fileRef = 103768C88745C2CCECCD85A1 /* libPods-OutfitCheck.a */; };
		761D5DFB2427209700B4795A /* Keys.swift in Sources */ = {isa = PBXBuildFile; fileRef = 761D5DFA2427209700B4795A /* Keys.swift */; };
		A292E9F517129164676FFB08 /* libPods-OutfitCheckTests.a in Frameworks */ = {isa = PBXBuildFile; fileRef = F5C3C8FB5BC9449FEEC368EA /* libPods-OutfitCheckTests.a */; };
		A5BEC2D9B1E2D529D5AD676E /* libPods-OutfitCheck-OutfitCheckUITests.a in Frameworks */ = {isa = PBXBuildFile; fileRef = 3CA76D836A1ACF91ABDB1AA1 /* libPods-OutfitCheck-OutfitCheckUITests.a */; };
		AD659EA32425F66200465EEC /* Attire.swift in Sources */ = {isa = PBXBuildFile; fileRef = AD659EA22425F66200465EEC /* Attire.swift */; };
		ADD97BF92422BD4A00F30277 /* images in Resources */ = {isa = PBXBuildFile; fileRef = ADD97BF82422BD4A00F30277 /* images */; };
		ADD97BFB2422F60000F30277 /* SuggestResultViewController.swift in Sources */ = {isa = PBXBuildFile; fileRef = ADD97BFA2422F60000F30277 /* SuggestResultViewController.swift */; };
		CE073B382424711500C1233C /* DancingScript-VariableFont_wght.ttf in Resources */ = {isa = PBXBuildFile; fileRef = 761BF9BE2421D41100E73889 /* DancingScript-VariableFont_wght.ttf */; };
		CE073B392424711800C1233C /* Oswald-VariableFont_wght.ttf in Resources */ = {isa = PBXBuildFile; fileRef = 761BF9BD2421D40B00E73889 /* Oswald-VariableFont_wght.ttf */; };
		CE3F97D42419DB07002B1E89 /* WelcomeViewController.swift in Sources */ = {isa = PBXBuildFile; fileRef = CE3F97D32419DB07002B1E89 /* WelcomeViewController.swift */; };
		CE3F97D6241ACE33002B1E89 /* SuggestOutfitViewController.swift in Sources */ = {isa = PBXBuildFile; fileRef = CE3F97D5241ACE33002B1E89 /* SuggestOutfitViewController.swift */; };
		CE3F97D8241AF4FD002B1E89 /* OutfitCheckViewController.swift in Sources */ = {isa = PBXBuildFile; fileRef = CE3F97D7241AF4FD002B1E89 /* OutfitCheckViewController.swift */; };
		CE3F97DB241B3475002B1E89 /* bluefires_sample.ttf in Resources */ = {isa = PBXBuildFile; fileRef = CE3F97DA241B3475002B1E89 /* bluefires_sample.ttf */; };
		CEDB9CFB24197A70005C45F4 /* AppDelegate.swift in Sources */ = {isa = PBXBuildFile; fileRef = CEDB9CFA24197A70005C45F4 /* AppDelegate.swift */; };
		CEDB9CFD24197A70005C45F4 /* SceneDelegate.swift in Sources */ = {isa = PBXBuildFile; fileRef = CEDB9CFC24197A70005C45F4 /* SceneDelegate.swift */; };
		CEDB9D0224197A70005C45F4 /* Main.storyboard in Resources */ = {isa = PBXBuildFile; fileRef = CEDB9D0024197A70005C45F4 /* Main.storyboard */; };
		CEDB9D0424197A73005C45F4 /* Assets.xcassets in Resources */ = {isa = PBXBuildFile; fileRef = CEDB9D0324197A73005C45F4 /* Assets.xcassets */; };
		CEDB9D0724197A73005C45F4 /* LaunchScreen.storyboard in Resources */ = {isa = PBXBuildFile; fileRef = CEDB9D0524197A73005C45F4 /* LaunchScreen.storyboard */; };
		CEDB9D1224197A73005C45F4 /* OutfitCheckTests.swift in Sources */ = {isa = PBXBuildFile; fileRef = CEDB9D1124197A73005C45F4 /* OutfitCheckTests.swift */; };
		CEDB9D1D24197A73005C45F4 /* OutfitCheckUITests.swift in Sources */ = {isa = PBXBuildFile; fileRef = CEDB9D1C24197A73005C45F4 /* OutfitCheckUITests.swift */; };
/* End PBXBuildFile section */

/* Begin PBXContainerItemProxy section */
		CEDB9D0E24197A73005C45F4 /* PBXContainerItemProxy */ = {
			isa = PBXContainerItemProxy;
			containerPortal = CEDB9CEF24197A70005C45F4 /* Project object */;
			proxyType = 1;
			remoteGlobalIDString = CEDB9CF624197A70005C45F4;
			remoteInfo = OutfitCheck;
		};
		CEDB9D1924197A73005C45F4 /* PBXContainerItemProxy */ = {
			isa = PBXContainerItemProxy;
			containerPortal = CEDB9CEF24197A70005C45F4 /* Project object */;
			proxyType = 1;
			remoteGlobalIDString = CEDB9CF624197A70005C45F4;
			remoteInfo = OutfitCheck;
		};
/* End PBXContainerItemProxy section */

/* Begin PBXFileReference section */
		04416D332423505800E9EAD5 /* GoogleVisionAPICaller.swift */ = {isa = PBXFileReference; lastKnownFileType = sourcecode.swift; path = GoogleVisionAPICaller.swift; sourceTree = "<group>"; };
		103768C88745C2CCECCD85A1 /* libPods-OutfitCheck.a */ = {isa = PBXFileReference; explicitFileType = archive.ar; includeInIndex = 0; path = "libPods-OutfitCheck.a"; sourceTree = BUILT_PRODUCTS_DIR; };
		122A03A85430E5B51C86403D /* Pods-OutfitCheckTests.debug.xcconfig */ = {isa = PBXFileReference; includeInIndex = 1; lastKnownFileType = text.xcconfig; name = "Pods-OutfitCheckTests.debug.xcconfig"; path = "Target Support Files/Pods-OutfitCheckTests/Pods-OutfitCheckTests.debug.xcconfig"; sourceTree = "<group>"; };
		145B9F4465C902AEC2A32974 /* Pods-OutfitCheckTests.release.xcconfig */ = {isa = PBXFileReference; includeInIndex = 1; lastKnownFileType = text.xcconfig; name = "Pods-OutfitCheckTests.release.xcconfig"; path = "Target Support Files/Pods-OutfitCheckTests/Pods-OutfitCheckTests.release.xcconfig"; sourceTree = "<group>"; };
		3CA76D836A1ACF91ABDB1AA1 /* libPods-OutfitCheck-OutfitCheckUITests.a */ = {isa = PBXFileReference; explicitFileType = archive.ar; includeInIndex = 0; path = "libPods-OutfitCheck-OutfitCheckUITests.a"; sourceTree = BUILT_PRODUCTS_DIR; };
		4663943DAF3060D9AC6DAB6D /* Pods-OutfitCheck-OutfitCheckUITests.debug.xcconfig */ = {isa = PBXFileReference; includeInIndex = 1; lastKnownFileType = text.xcconfig; name = "Pods-OutfitCheck-OutfitCheckUITests.debug.xcconfig"; path = "Target Support Files/Pods-OutfitCheck-OutfitCheckUITests/Pods-OutfitCheck-OutfitCheckUITests.debug.xcconfig"; sourceTree = "<group>"; };
		69DA98A8785ECD19BF55E468 /* Pods-OutfitCheck.debug.xcconfig */ = {isa = PBXFileReference; includeInIndex = 1; lastKnownFileType = text.xcconfig; name = "Pods-OutfitCheck.debug.xcconfig"; path = "Target Support Files/Pods-OutfitCheck/Pods-OutfitCheck.debug.xcconfig"; sourceTree = "<group>"; };
		761BF9BD2421D40B00E73889 /* Oswald-VariableFont_wght.ttf */ = {isa = PBXFileReference; lastKnownFileType = file; path = "Oswald-VariableFont_wght.ttf"; sourceTree = "<group>"; };
		761BF9BE2421D41100E73889 /* DancingScript-VariableFont_wght.ttf */ = {isa = PBXFileReference; lastKnownFileType = file; path = "DancingScript-VariableFont_wght.ttf"; sourceTree = "<group>"; };
		AD659EA22425F66200465EEC /* Attire.swift */ = {isa = PBXFileReference; lastKnownFileType = sourcecode.swift; path = Attire.swift; sourceTree = "<group>"; };
		761D5DFA2427209700B4795A /* Keys.swift */ = {isa = PBXFileReference; lastKnownFileType = sourcecode.swift; path = Keys.swift; sourceTree = "<group>"; };
		ADA1EC7B242326A000B84840 /* Alamofire.framework */ = {isa = PBXFileReference; explicitFileType = wrapper.framework; path = Alamofire.framework; sourceTree = BUILT_PRODUCTS_DIR; };
		ADA1EC7E242326A600B84840 /* AlamofireImage.framework */ = {isa = PBXFileReference; explicitFileType = wrapper.framework; path = AlamofireImage.framework; sourceTree = BUILT_PRODUCTS_DIR; };
		ADA1EC81242326FE00B84840 /* Alamofire.framework */ = {isa = PBXFileReference; explicitFileType = wrapper.framework; path = Alamofire.framework; sourceTree = BUILT_PRODUCTS_DIR; };
		ADA1EC852423270900B84840 /* AlamofireImage.framework */ = {isa = PBXFileReference; explicitFileType = wrapper.framework; path = AlamofireImage.framework; sourceTree = BUILT_PRODUCTS_DIR; };
		ADD97BFA2422F60000F30277 /* SuggestResultViewController.swift */ = {isa = PBXFileReference; lastKnownFileType = sourcecode.swift; path = SuggestResultViewController.swift; sourceTree = "<group>"; };
		CE3F97D32419DB07002B1E89 /* WelcomeViewController.swift */ = {isa = PBXFileReference; lastKnownFileType = sourcecode.swift; path = WelcomeViewController.swift; sourceTree = "<group>"; };
		CE3F97D5241ACE33002B1E89 /* SuggestOutfitViewController.swift */ = {isa = PBXFileReference; lastKnownFileType = sourcecode.swift; path = SuggestOutfitViewController.swift; sourceTree = "<group>"; };
		CE3F97D7241AF4FD002B1E89 /* OutfitCheckViewController.swift */ = {isa = PBXFileReference; lastKnownFileType = sourcecode.swift; path = OutfitCheckViewController.swift; sourceTree = "<group>"; };
		CE3F97DA241B3475002B1E89 /* bluefires_sample.ttf */ = {isa = PBXFileReference; lastKnownFileType = file; path = bluefires_sample.ttf; sourceTree = "<group>"; };
		CEDB9CF724197A70005C45F4 /* OutfitCheck.app */ = {isa = PBXFileReference; explicitFileType = wrapper.application; includeInIndex = 0; path = OutfitCheck.app; sourceTree = BUILT_PRODUCTS_DIR; };
		CEDB9CFA24197A70005C45F4 /* AppDelegate.swift */ = {isa = PBXFileReference; lastKnownFileType = sourcecode.swift; path = AppDelegate.swift; sourceTree = "<group>"; };
		CEDB9CFC24197A70005C45F4 /* SceneDelegate.swift */ = {isa = PBXFileReference; lastKnownFileType = sourcecode.swift; path = SceneDelegate.swift; sourceTree = "<group>"; };
		CEDB9D0124197A70005C45F4 /* Base */ = {isa = PBXFileReference; lastKnownFileType = file.storyboard; name = Base; path = Base.lproj/Main.storyboard; sourceTree = "<group>"; };
		CEDB9D0324197A73005C45F4 /* Assets.xcassets */ = {isa = PBXFileReference; lastKnownFileType = folder.assetcatalog; path = Assets.xcassets; sourceTree = "<group>"; };
		CEDB9D0624197A73005C45F4 /* Base */ = {isa = PBXFileReference; lastKnownFileType = file.storyboard; name = Base; path = Base.lproj/LaunchScreen.storyboard; sourceTree = "<group>"; };
		CEDB9D0824197A73005C45F4 /* Info.plist */ = {isa = PBXFileReference; lastKnownFileType = text.plist.xml; path = Info.plist; sourceTree = "<group>"; };
		CEDB9D0D24197A73005C45F4 /* OutfitCheckTests.xctest */ = {isa = PBXFileReference; explicitFileType = wrapper.cfbundle; includeInIndex = 0; path = OutfitCheckTests.xctest; sourceTree = BUILT_PRODUCTS_DIR; };
		CEDB9D1124197A73005C45F4 /* OutfitCheckTests.swift */ = {isa = PBXFileReference; lastKnownFileType = sourcecode.swift; path = OutfitCheckTests.swift; sourceTree = "<group>"; };
		CEDB9D1324197A73005C45F4 /* Info.plist */ = {isa = PBXFileReference; lastKnownFileType = text.plist.xml; path = Info.plist; sourceTree = "<group>"; };
		CEDB9D1824197A73005C45F4 /* OutfitCheckUITests.xctest */ = {isa = PBXFileReference; explicitFileType = wrapper.cfbundle; includeInIndex = 0; path = OutfitCheckUITests.xctest; sourceTree = BUILT_PRODUCTS_DIR; };
		CEDB9D1C24197A73005C45F4 /* OutfitCheckUITests.swift */ = {isa = PBXFileReference; lastKnownFileType = sourcecode.swift; path = OutfitCheckUITests.swift; sourceTree = "<group>"; };
		CEDB9D1E24197A73005C45F4 /* Info.plist */ = {isa = PBXFileReference; lastKnownFileType = text.plist.xml; path = Info.plist; sourceTree = "<group>"; };
		F328CCAA7565A70B836EDD76 /* Pods-OutfitCheck-OutfitCheckUITests.release.xcconfig */ = {isa = PBXFileReference; includeInIndex = 1; lastKnownFileType = text.xcconfig; name = "Pods-OutfitCheck-OutfitCheckUITests.release.xcconfig"; path = "Target Support Files/Pods-OutfitCheck-OutfitCheckUITests/Pods-OutfitCheck-OutfitCheckUITests.release.xcconfig"; sourceTree = "<group>"; };
		F5C3C8FB5BC9449FEEC368EA /* libPods-OutfitCheckTests.a */ = {isa = PBXFileReference; explicitFileType = archive.ar; includeInIndex = 0; path = "libPods-OutfitCheckTests.a"; sourceTree = BUILT_PRODUCTS_DIR; };
		FDFD299180179A94D1838394 /* Pods-OutfitCheck.release.xcconfig */ = {isa = PBXFileReference; includeInIndex = 1; lastKnownFileType = text.xcconfig; name = "Pods-OutfitCheck.release.xcconfig"; path = "Target Support Files/Pods-OutfitCheck/Pods-OutfitCheck.release.xcconfig"; sourceTree = "<group>"; };
/* End PBXFileReference section */

/* Begin PBXFrameworksBuildPhase section */
		CEDB9CF424197A70005C45F4 /* Frameworks */ = {
			isa = PBXFrameworksBuildPhase;
			buildActionMask = 2147483647;
			files = (
				0AC33A64D76FF558A569EF4D /* libPods-OutfitCheck.a in Frameworks */,
			);
			runOnlyForDeploymentPostprocessing = 0;
		};
		CEDB9D0A24197A73005C45F4 /* Frameworks */ = {
			isa = PBXFrameworksBuildPhase;
			buildActionMask = 2147483647;
			files = (
				A292E9F517129164676FFB08 /* libPods-OutfitCheckTests.a in Frameworks */,
			);
			runOnlyForDeploymentPostprocessing = 0;
		};
		CEDB9D1524197A73005C45F4 /* Frameworks */ = {
			isa = PBXFrameworksBuildPhase;
			buildActionMask = 2147483647;
			files = (
				A5BEC2D9B1E2D529D5AD676E /* libPods-OutfitCheck-OutfitCheckUITests.a in Frameworks */,
			);
			runOnlyForDeploymentPostprocessing = 0;
		};
/* End PBXFrameworksBuildPhase section */

/* Begin PBXGroup section */
		04416D322423500C00E9EAD5 /* helpers */ = {
			isa = PBXGroup;
			children = (
				04416D332423505800E9EAD5 /* GoogleVisionAPICaller.swift */,
				761D5DFA2427209700B4795A /* Keys.swift */,
			);
			path = helpers;
			sourceTree = "<group>";
		};
		9C71AD186F3AE25054E86031 /* Frameworks */ = {
			isa = PBXGroup;
			children = (
				ADA1EC852423270900B84840 /* AlamofireImage.framework */,
				ADA1EC81242326FE00B84840 /* Alamofire.framework */,
				ADA1EC7E242326A600B84840 /* AlamofireImage.framework */,
				ADA1EC7B242326A000B84840 /* Alamofire.framework */,
				103768C88745C2CCECCD85A1 /* libPods-OutfitCheck.a */,
				3CA76D836A1ACF91ABDB1AA1 /* libPods-OutfitCheck-OutfitCheckUITests.a */,
				F5C3C8FB5BC9449FEEC368EA /* libPods-OutfitCheckTests.a */,
			);
			name = Frameworks;
			sourceTree = "<group>";
		};
		CE3F97D9241B3475002B1E89 /* fonts */ = {
			isa = PBXGroup;
			children = (
				761BF9BE2421D41100E73889 /* DancingScript-VariableFont_wght.ttf */,
				CE3F97DA241B3475002B1E89 /* bluefires_sample.ttf */,
				761BF9BD2421D40B00E73889 /* Oswald-VariableFont_wght.ttf */,
			);
			path = fonts;
			sourceTree = "<group>";
		};
		CEDB9CEE24197A70005C45F4 = {
			isa = PBXGroup;
			children = (
				CEDB9CF924197A70005C45F4 /* OutfitCheck */,
				CEDB9D1024197A73005C45F4 /* OutfitCheckTests */,
				CEDB9D1B24197A73005C45F4 /* OutfitCheckUITests */,
				CEDB9CF824197A70005C45F4 /* Products */,
				E55B73171CF9C2DA7360112A /* Pods */,
				9C71AD186F3AE25054E86031 /* Frameworks */,
			);
			sourceTree = "<group>";
		};
		CEDB9CF824197A70005C45F4 /* Products */ = {
			isa = PBXGroup;
			children = (
				CEDB9CF724197A70005C45F4 /* OutfitCheck.app */,
				CEDB9D0D24197A73005C45F4 /* OutfitCheckTests.xctest */,
				CEDB9D1824197A73005C45F4 /* OutfitCheckUITests.xctest */,
			);
			name = Products;
			sourceTree = "<group>";
		};
		CEDB9CF924197A70005C45F4 /* OutfitCheck */ = {
			isa = PBXGroup;
			children = (
				CEDB9CFA24197A70005C45F4 /* AppDelegate.swift */,
				CEDB9CFC24197A70005C45F4 /* SceneDelegate.swift */,
				CEDB9D0024197A70005C45F4 /* Main.storyboard */,
				CE3F97D7241AF4FD002B1E89 /* OutfitCheckViewController.swift */,
				CE3F97D5241ACE33002B1E89 /* SuggestOutfitViewController.swift */,
				CEDB9D0324197A73005C45F4 /* Assets.xcassets */,
				CEDB9D0524197A73005C45F4 /* LaunchScreen.storyboard */,
				CEDB9D0824197A73005C45F4 /* Info.plist */,
				04416D322423500C00E9EAD5 /* helpers */,
				CE3F97D9241B3475002B1E89 /* fonts */,
				CE3F97D32419DB07002B1E89 /* WelcomeViewController.swift */,
				ADD97BFA2422F60000F30277 /* SuggestResultViewController.swift */,
				AD659EA22425F66200465EEC /* Attire.swift */,
			);
			path = OutfitCheck;
			sourceTree = "<group>";
		};
		CEDB9D1024197A73005C45F4 /* OutfitCheckTests */ = {
			isa = PBXGroup;
			children = (
				CEDB9D1124197A73005C45F4 /* OutfitCheckTests.swift */,
				CEDB9D1324197A73005C45F4 /* Info.plist */,
			);
			path = OutfitCheckTests;
			sourceTree = "<group>";
		};
		CEDB9D1B24197A73005C45F4 /* OutfitCheckUITests */ = {
			isa = PBXGroup;
			children = (
				CEDB9D1C24197A73005C45F4 /* OutfitCheckUITests.swift */,
				CEDB9D1E24197A73005C45F4 /* Info.plist */,
			);
			path = OutfitCheckUITests;
			sourceTree = "<group>";
		};
		E55B73171CF9C2DA7360112A /* Pods */ = {
			isa = PBXGroup;
			children = (
				69DA98A8785ECD19BF55E468 /* Pods-OutfitCheck.debug.xcconfig */,
				FDFD299180179A94D1838394 /* Pods-OutfitCheck.release.xcconfig */,
				4663943DAF3060D9AC6DAB6D /* Pods-OutfitCheck-OutfitCheckUITests.debug.xcconfig */,
				F328CCAA7565A70B836EDD76 /* Pods-OutfitCheck-OutfitCheckUITests.release.xcconfig */,
				122A03A85430E5B51C86403D /* Pods-OutfitCheckTests.debug.xcconfig */,
				145B9F4465C902AEC2A32974 /* Pods-OutfitCheckTests.release.xcconfig */,
			);
			path = Pods;
			sourceTree = "<group>";
		};
/* End PBXGroup section */

/* Begin PBXNativeTarget section */
		CEDB9CF624197A70005C45F4 /* OutfitCheck */ = {
			isa = PBXNativeTarget;
			buildConfigurationList = CEDB9D2124197A74005C45F4 /* Build configuration list for PBXNativeTarget "OutfitCheck" */;
			buildPhases = (
				E096AA2C5806FFA5CD0FBFBE /* [CP] Check Pods Manifest.lock */,
				CEDB9CF324197A70005C45F4 /* Sources */,
				CEDB9CF424197A70005C45F4 /* Frameworks */,
				CEDB9CF524197A70005C45F4 /* Resources */,
			);
			buildRules = (
			);
			dependencies = (
			);
			name = OutfitCheck;
			productName = OutfitCheck;
			productReference = CEDB9CF724197A70005C45F4 /* OutfitCheck.app */;
			productType = "com.apple.product-type.application";
		};
		CEDB9D0C24197A73005C45F4 /* OutfitCheckTests */ = {
			isa = PBXNativeTarget;
			buildConfigurationList = CEDB9D2424197A74005C45F4 /* Build configuration list for PBXNativeTarget "OutfitCheckTests" */;
			buildPhases = (
				701DED58BF255D8D31811506 /* [CP] Check Pods Manifest.lock */,
				CEDB9D0924197A73005C45F4 /* Sources */,
				CEDB9D0A24197A73005C45F4 /* Frameworks */,
				CEDB9D0B24197A73005C45F4 /* Resources */,
			);
			buildRules = (
			);
			dependencies = (
				CEDB9D0F24197A73005C45F4 /* PBXTargetDependency */,
			);
			name = OutfitCheckTests;
			productName = OutfitCheckTests;
			productReference = CEDB9D0D24197A73005C45F4 /* OutfitCheckTests.xctest */;
			productType = "com.apple.product-type.bundle.unit-test";
		};
		CEDB9D1724197A73005C45F4 /* OutfitCheckUITests */ = {
			isa = PBXNativeTarget;
			buildConfigurationList = CEDB9D2724197A74005C45F4 /* Build configuration list for PBXNativeTarget "OutfitCheckUITests" */;
			buildPhases = (
				17F250F9AFFC3DD5DB387170 /* [CP] Check Pods Manifest.lock */,
				CEDB9D1424197A73005C45F4 /* Sources */,
				CEDB9D1524197A73005C45F4 /* Frameworks */,
				CEDB9D1624197A73005C45F4 /* Resources */,
			);
			buildRules = (
			);
			dependencies = (
				CEDB9D1A24197A73005C45F4 /* PBXTargetDependency */,
			);
			name = OutfitCheckUITests;
			productName = OutfitCheckUITests;
			productReference = CEDB9D1824197A73005C45F4 /* OutfitCheckUITests.xctest */;
			productType = "com.apple.product-type.bundle.ui-testing";
		};
/* End PBXNativeTarget section */

/* Begin PBXProject section */
		CEDB9CEF24197A70005C45F4 /* Project object */ = {
			isa = PBXProject;
			attributes = {
				LastSwiftUpdateCheck = 1130;
				LastUpgradeCheck = 1130;
				ORGANIZATIONNAME = Karla;
				TargetAttributes = {
					CEDB9CF624197A70005C45F4 = {
						CreatedOnToolsVersion = 11.3.1;
					};
					CEDB9D0C24197A73005C45F4 = {
						CreatedOnToolsVersion = 11.3.1;
						TestTargetID = CEDB9CF624197A70005C45F4;
					};
					CEDB9D1724197A73005C45F4 = {
						CreatedOnToolsVersion = 11.3.1;
						TestTargetID = CEDB9CF624197A70005C45F4;
					};
				};
			};
			buildConfigurationList = CEDB9CF224197A70005C45F4 /* Build configuration list for PBXProject "OutfitCheck" */;
			compatibilityVersion = "Xcode 9.3";
			developmentRegion = en;
			hasScannedForEncodings = 0;
			knownRegions = (
				en,
				Base,
			);
			mainGroup = CEDB9CEE24197A70005C45F4;
			productRefGroup = CEDB9CF824197A70005C45F4 /* Products */;
			projectDirPath = "";
			projectRoot = "";
			targets = (
				CEDB9CF624197A70005C45F4 /* OutfitCheck */,
				CEDB9D0C24197A73005C45F4 /* OutfitCheckTests */,
				CEDB9D1724197A73005C45F4 /* OutfitCheckUITests */,
			);
		};
/* End PBXProject section */

/* Begin PBXResourcesBuildPhase section */
		CEDB9CF524197A70005C45F4 /* Resources */ = {
			isa = PBXResourcesBuildPhase;
			buildActionMask = 2147483647;
			files = (
				CE3F97DB241B3475002B1E89 /* bluefires_sample.ttf in Resources */,
				CEDB9D0724197A73005C45F4 /* LaunchScreen.storyboard in Resources */,
				CE073B382424711500C1233C /* DancingScript-VariableFont_wght.ttf in Resources */,
				CEDB9D0424197A73005C45F4 /* Assets.xcassets in Resources */,
				CE073B392424711800C1233C /* Oswald-VariableFont_wght.ttf in Resources */,
				CEDB9D0224197A70005C45F4 /* Main.storyboard in Resources */,
			);
			runOnlyForDeploymentPostprocessing = 0;
		};
		CEDB9D0B24197A73005C45F4 /* Resources */ = {
			isa = PBXResourcesBuildPhase;
			buildActionMask = 2147483647;
			files = (
			);
			runOnlyForDeploymentPostprocessing = 0;
		};
		CEDB9D1624197A73005C45F4 /* Resources */ = {
			isa = PBXResourcesBuildPhase;
			buildActionMask = 2147483647;
			files = (
			);
			runOnlyForDeploymentPostprocessing = 0;
		};
/* End PBXResourcesBuildPhase section */

/* Begin PBXShellScriptBuildPhase section */
		17F250F9AFFC3DD5DB387170 /* [CP] Check Pods Manifest.lock */ = {
			isa = PBXShellScriptBuildPhase;
			buildActionMask = 2147483647;
			files = (
			);
			inputFileListPaths = (
			);
			inputPaths = (
				"${PODS_PODFILE_DIR_PATH}/Podfile.lock",
				"${PODS_ROOT}/Manifest.lock",
			);
			name = "[CP] Check Pods Manifest.lock";
			outputFileListPaths = (
			);
			outputPaths = (
				"$(DERIVED_FILE_DIR)/Pods-OutfitCheck-OutfitCheckUITests-checkManifestLockResult.txt",
			);
			runOnlyForDeploymentPostprocessing = 0;
			shellPath = /bin/sh;
			shellScript = "diff \"${PODS_PODFILE_DIR_PATH}/Podfile.lock\" \"${PODS_ROOT}/Manifest.lock\" > /dev/null\nif [ $? != 0 ] ; then\n    # print error to STDERR\n    echo \"error: The sandbox is not in sync with the Podfile.lock. Run 'pod install' or update your CocoaPods installation.\" >&2\n    exit 1\nfi\n# This output is used by Xcode 'outputs' to avoid re-running this script phase.\necho \"SUCCESS\" > \"${SCRIPT_OUTPUT_FILE_0}\"\n";
			showEnvVarsInLog = 0;
		};
		701DED58BF255D8D31811506 /* [CP] Check Pods Manifest.lock */ = {
			isa = PBXShellScriptBuildPhase;
			buildActionMask = 2147483647;
			files = (
			);
			inputFileListPaths = (
			);
			inputPaths = (
				"${PODS_PODFILE_DIR_PATH}/Podfile.lock",
				"${PODS_ROOT}/Manifest.lock",
			);
			name = "[CP] Check Pods Manifest.lock";
			outputFileListPaths = (
			);
			outputPaths = (
				"$(DERIVED_FILE_DIR)/Pods-OutfitCheckTests-checkManifestLockResult.txt",
			);
			runOnlyForDeploymentPostprocessing = 0;
			shellPath = /bin/sh;
			shellScript = "diff \"${PODS_PODFILE_DIR_PATH}/Podfile.lock\" \"${PODS_ROOT}/Manifest.lock\" > /dev/null\nif [ $? != 0 ] ; then\n    # print error to STDERR\n    echo \"error: The sandbox is not in sync with the Podfile.lock. Run 'pod install' or update your CocoaPods installation.\" >&2\n    exit 1\nfi\n# This output is used by Xcode 'outputs' to avoid re-running this script phase.\necho \"SUCCESS\" > \"${SCRIPT_OUTPUT_FILE_0}\"\n";
			showEnvVarsInLog = 0;
		};
		E096AA2C5806FFA5CD0FBFBE /* [CP] Check Pods Manifest.lock */ = {
			isa = PBXShellScriptBuildPhase;
			buildActionMask = 2147483647;
			files = (
			);
			inputFileListPaths = (
			);
			inputPaths = (
				"${PODS_PODFILE_DIR_PATH}/Podfile.lock",
				"${PODS_ROOT}/Manifest.lock",
			);
			name = "[CP] Check Pods Manifest.lock";
			outputFileListPaths = (
			);
			outputPaths = (
				"$(DERIVED_FILE_DIR)/Pods-OutfitCheck-checkManifestLockResult.txt",
			);
			runOnlyForDeploymentPostprocessing = 0;
			shellPath = /bin/sh;
			shellScript = "diff \"${PODS_PODFILE_DIR_PATH}/Podfile.lock\" \"${PODS_ROOT}/Manifest.lock\" > /dev/null\nif [ $? != 0 ] ; then\n    # print error to STDERR\n    echo \"error: The sandbox is not in sync with the Podfile.lock. Run 'pod install' or update your CocoaPods installation.\" >&2\n    exit 1\nfi\n# This output is used by Xcode 'outputs' to avoid re-running this script phase.\necho \"SUCCESS\" > \"${SCRIPT_OUTPUT_FILE_0}\"\n";
			showEnvVarsInLog = 0;
		};
/* End PBXShellScriptBuildPhase section */

/* Begin PBXSourcesBuildPhase section */
		CEDB9CF324197A70005C45F4 /* Sources */ = {
			isa = PBXSourcesBuildPhase;
			buildActionMask = 2147483647;
			files = (
				AD659EA32425F66200465EEC /* Attire.swift in Sources */,
				CE3F97D42419DB07002B1E89 /* WelcomeViewController.swift in Sources */,
				761D5DFB2427209700B4795A /* Keys.swift in Sources */,
				04416D342423505800E9EAD5 /* GoogleVisionAPICaller.swift in Sources */,
				CE3F97D8241AF4FD002B1E89 /* OutfitCheckViewController.swift in Sources */,
				ADD97BFB2422F60000F30277 /* SuggestResultViewController.swift in Sources */,
				CEDB9CFB24197A70005C45F4 /* AppDelegate.swift in Sources */,
				CE3F97D6241ACE33002B1E89 /* SuggestOutfitViewController.swift in Sources */,
				CEDB9CFD24197A70005C45F4 /* SceneDelegate.swift in Sources */,
			);
			runOnlyForDeploymentPostprocessing = 0;
		};
		CEDB9D0924197A73005C45F4 /* Sources */ = {
			isa = PBXSourcesBuildPhase;
			buildActionMask = 2147483647;
			files = (
				CEDB9D1224197A73005C45F4 /* OutfitCheckTests.swift in Sources */,
			);
			runOnlyForDeploymentPostprocessing = 0;
		};
		CEDB9D1424197A73005C45F4 /* Sources */ = {
			isa = PBXSourcesBuildPhase;
			buildActionMask = 2147483647;
			files = (
				CEDB9D1D24197A73005C45F4 /* OutfitCheckUITests.swift in Sources */,
			);
			runOnlyForDeploymentPostprocessing = 0;
		};
/* End PBXSourcesBuildPhase section */

/* Begin PBXTargetDependency section */
		CEDB9D0F24197A73005C45F4 /* PBXTargetDependency */ = {
			isa = PBXTargetDependency;
			target = CEDB9CF624197A70005C45F4 /* OutfitCheck */;
			targetProxy = CEDB9D0E24197A73005C45F4 /* PBXContainerItemProxy */;
		};
		CEDB9D1A24197A73005C45F4 /* PBXTargetDependency */ = {
			isa = PBXTargetDependency;
			target = CEDB9CF624197A70005C45F4 /* OutfitCheck */;
			targetProxy = CEDB9D1924197A73005C45F4 /* PBXContainerItemProxy */;
		};
/* End PBXTargetDependency section */

/* Begin PBXVariantGroup section */
		CEDB9D0024197A70005C45F4 /* Main.storyboard */ = {
			isa = PBXVariantGroup;
			children = (
				CEDB9D0124197A70005C45F4 /* Base */,
			);
			name = Main.storyboard;
			sourceTree = "<group>";
		};
		CEDB9D0524197A73005C45F4 /* LaunchScreen.storyboard */ = {
			isa = PBXVariantGroup;
			children = (
				CEDB9D0624197A73005C45F4 /* Base */,
			);
			name = LaunchScreen.storyboard;
			sourceTree = "<group>";
		};
/* End PBXVariantGroup section */

/* Begin XCBuildConfiguration section */
		CEDB9D1F24197A73005C45F4 /* Debug */ = {
			isa = XCBuildConfiguration;
			buildSettings = {
				ALWAYS_SEARCH_USER_PATHS = NO;
				CLANG_ANALYZER_NONNULL = YES;
				CLANG_ANALYZER_NUMBER_OBJECT_CONVERSION = YES_AGGRESSIVE;
				CLANG_CXX_LANGUAGE_STANDARD = "gnu++14";
				CLANG_CXX_LIBRARY = "libc++";
				CLANG_ENABLE_MODULES = YES;
				CLANG_ENABLE_OBJC_ARC = YES;
				CLANG_ENABLE_OBJC_WEAK = YES;
				CLANG_WARN_BLOCK_CAPTURE_AUTORELEASING = YES;
				CLANG_WARN_BOOL_CONVERSION = YES;
				CLANG_WARN_COMMA = YES;
				CLANG_WARN_CONSTANT_CONVERSION = YES;
				CLANG_WARN_DEPRECATED_OBJC_IMPLEMENTATIONS = YES;
				CLANG_WARN_DIRECT_OBJC_ISA_USAGE = YES_ERROR;
				CLANG_WARN_DOCUMENTATION_COMMENTS = YES;
				CLANG_WARN_EMPTY_BODY = YES;
				CLANG_WARN_ENUM_CONVERSION = YES;
				CLANG_WARN_INFINITE_RECURSION = YES;
				CLANG_WARN_INT_CONVERSION = YES;
				CLANG_WARN_NON_LITERAL_NULL_CONVERSION = YES;
				CLANG_WARN_OBJC_IMPLICIT_RETAIN_SELF = YES;
				CLANG_WARN_OBJC_LITERAL_CONVERSION = YES;
				CLANG_WARN_OBJC_ROOT_CLASS = YES_ERROR;
				CLANG_WARN_RANGE_LOOP_ANALYSIS = YES;
				CLANG_WARN_STRICT_PROTOTYPES = YES;
				CLANG_WARN_SUSPICIOUS_MOVE = YES;
				CLANG_WARN_UNGUARDED_AVAILABILITY = YES_AGGRESSIVE;
				CLANG_WARN_UNREACHABLE_CODE = YES;
				CLANG_WARN__DUPLICATE_METHOD_MATCH = YES;
				COPY_PHASE_STRIP = NO;
				DEBUG_INFORMATION_FORMAT = dwarf;
				ENABLE_STRICT_OBJC_MSGSEND = YES;
				ENABLE_TESTABILITY = YES;
				GCC_C_LANGUAGE_STANDARD = gnu11;
				GCC_DYNAMIC_NO_PIC = NO;
				GCC_NO_COMMON_BLOCKS = YES;
				GCC_OPTIMIZATION_LEVEL = 0;
				GCC_PREPROCESSOR_DEFINITIONS = (
					"DEBUG=1",
					"$(inherited)",
				);
				GCC_WARN_64_TO_32_BIT_CONVERSION = YES;
				GCC_WARN_ABOUT_RETURN_TYPE = YES_ERROR;
				GCC_WARN_UNDECLARED_SELECTOR = YES;
				GCC_WARN_UNINITIALIZED_AUTOS = YES_AGGRESSIVE;
				GCC_WARN_UNUSED_FUNCTION = YES;
				GCC_WARN_UNUSED_VARIABLE = YES;
				IPHONEOS_DEPLOYMENT_TARGET = 13.2;
				MTL_ENABLE_DEBUG_INFO = INCLUDE_SOURCE;
				MTL_FAST_MATH = YES;
				ONLY_ACTIVE_ARCH = YES;
				SDKROOT = iphoneos;
				SWIFT_ACTIVE_COMPILATION_CONDITIONS = DEBUG;
				SWIFT_OPTIMIZATION_LEVEL = "-Onone";
			};
			name = Debug;
		};
		CEDB9D2024197A73005C45F4 /* Release */ = {
			isa = XCBuildConfiguration;
			buildSettings = {
				ALWAYS_SEARCH_USER_PATHS = NO;
				CLANG_ANALYZER_NONNULL = YES;
				CLANG_ANALYZER_NUMBER_OBJECT_CONVERSION = YES_AGGRESSIVE;
				CLANG_CXX_LANGUAGE_STANDARD = "gnu++14";
				CLANG_CXX_LIBRARY = "libc++";
				CLANG_ENABLE_MODULES = YES;
				CLANG_ENABLE_OBJC_ARC = YES;
				CLANG_ENABLE_OBJC_WEAK = YES;
				CLANG_WARN_BLOCK_CAPTURE_AUTORELEASING = YES;
				CLANG_WARN_BOOL_CONVERSION = YES;
				CLANG_WARN_COMMA = YES;
				CLANG_WARN_CONSTANT_CONVERSION = YES;
				CLANG_WARN_DEPRECATED_OBJC_IMPLEMENTATIONS = YES;
				CLANG_WARN_DIRECT_OBJC_ISA_USAGE = YES_ERROR;
				CLANG_WARN_DOCUMENTATION_COMMENTS = YES;
				CLANG_WARN_EMPTY_BODY = YES;
				CLANG_WARN_ENUM_CONVERSION = YES;
				CLANG_WARN_INFINITE_RECURSION = YES;
				CLANG_WARN_INT_CONVERSION = YES;
				CLANG_WARN_NON_LITERAL_NULL_CONVERSION = YES;
				CLANG_WARN_OBJC_IMPLICIT_RETAIN_SELF = YES;
				CLANG_WARN_OBJC_LITERAL_CONVERSION = YES;
				CLANG_WARN_OBJC_ROOT_CLASS = YES_ERROR;
				CLANG_WARN_RANGE_LOOP_ANALYSIS = YES;
				CLANG_WARN_STRICT_PROTOTYPES = YES;
				CLANG_WARN_SUSPICIOUS_MOVE = YES;
				CLANG_WARN_UNGUARDED_AVAILABILITY = YES_AGGRESSIVE;
				CLANG_WARN_UNREACHABLE_CODE = YES;
				CLANG_WARN__DUPLICATE_METHOD_MATCH = YES;
				COPY_PHASE_STRIP = NO;
				DEBUG_INFORMATION_FORMAT = "dwarf-with-dsym";
				ENABLE_NS_ASSERTIONS = NO;
				ENABLE_STRICT_OBJC_MSGSEND = YES;
				GCC_C_LANGUAGE_STANDARD = gnu11;
				GCC_NO_COMMON_BLOCKS = YES;
				GCC_WARN_64_TO_32_BIT_CONVERSION = YES;
				GCC_WARN_ABOUT_RETURN_TYPE = YES_ERROR;
				GCC_WARN_UNDECLARED_SELECTOR = YES;
				GCC_WARN_UNINITIALIZED_AUTOS = YES_AGGRESSIVE;
				GCC_WARN_UNUSED_FUNCTION = YES;
				GCC_WARN_UNUSED_VARIABLE = YES;
				IPHONEOS_DEPLOYMENT_TARGET = 13.2;
				MTL_ENABLE_DEBUG_INFO = NO;
				MTL_FAST_MATH = YES;
				SDKROOT = iphoneos;
				SWIFT_COMPILATION_MODE = wholemodule;
				SWIFT_OPTIMIZATION_LEVEL = "-O";
				VALIDATE_PRODUCT = YES;
			};
			name = Release;
		};
		CEDB9D2224197A74005C45F4 /* Debug */ = {
			isa = XCBuildConfiguration;
			baseConfigurationReference = 69DA98A8785ECD19BF55E468 /* Pods-OutfitCheck.debug.xcconfig */;
			buildSettings = {
				ASSETCATALOG_COMPILER_APPICON_NAME = AppIcon;
				CODE_SIGN_STYLE = Automatic;
				DEVELOPMENT_TEAM = YWNNWJ7FZF;
				INFOPLIST_FILE = OutfitCheck/Info.plist;
				LD_RUNPATH_SEARCH_PATHS = (
					"$(inherited)",
					"@executable_path/Frameworks",
				);
				PRODUCT_BUNDLE_IDENTIFIER = karla.OutfitCheck;
				PRODUCT_NAME = "$(TARGET_NAME)";
				SWIFT_VERSION = 5.0;
				TARGETED_DEVICE_FAMILY = "1,2";
			};
			name = Debug;
		};
		CEDB9D2324197A74005C45F4 /* Release */ = {
			isa = XCBuildConfiguration;
			baseConfigurationReference = FDFD299180179A94D1838394 /* Pods-OutfitCheck.release.xcconfig */;
			buildSettings = {
				ASSETCATALOG_COMPILER_APPICON_NAME = AppIcon;
				CODE_SIGN_STYLE = Automatic;
				DEVELOPMENT_TEAM = YWNNWJ7FZF;
				INFOPLIST_FILE = OutfitCheck/Info.plist;
				LD_RUNPATH_SEARCH_PATHS = (
					"$(inherited)",
					"@executable_path/Frameworks",
				);
				PRODUCT_BUNDLE_IDENTIFIER = karla.OutfitCheck;
				PRODUCT_NAME = "$(TARGET_NAME)";
				SWIFT_VERSION = 5.0;
				TARGETED_DEVICE_FAMILY = "1,2";
			};
			name = Release;
		};
		CEDB9D2524197A74005C45F4 /* Debug */ = {
			isa = XCBuildConfiguration;
			baseConfigurationReference = 122A03A85430E5B51C86403D /* Pods-OutfitCheckTests.debug.xcconfig */;
			buildSettings = {
				ALWAYS_EMBED_SWIFT_STANDARD_LIBRARIES = YES;
				BUNDLE_LOADER = "$(TEST_HOST)";
				CODE_SIGN_STYLE = Automatic;
				INFOPLIST_FILE = OutfitCheckTests/Info.plist;
				IPHONEOS_DEPLOYMENT_TARGET = 13.2;
				LD_RUNPATH_SEARCH_PATHS = (
					"$(inherited)",
					"@executable_path/Frameworks",
					"@loader_path/Frameworks",
				);
				PRODUCT_BUNDLE_IDENTIFIER = karla.OutfitCheckTests;
				PRODUCT_NAME = "$(TARGET_NAME)";
				SWIFT_VERSION = 5.0;
				TARGETED_DEVICE_FAMILY = "1,2";
				TEST_HOST = "$(BUILT_PRODUCTS_DIR)/OutfitCheck.app/OutfitCheck";
			};
			name = Debug;
		};
		CEDB9D2624197A74005C45F4 /* Release */ = {
			isa = XCBuildConfiguration;
			baseConfigurationReference = 145B9F4465C902AEC2A32974 /* Pods-OutfitCheckTests.release.xcconfig */;
			buildSettings = {
				ALWAYS_EMBED_SWIFT_STANDARD_LIBRARIES = YES;
				BUNDLE_LOADER = "$(TEST_HOST)";
				CODE_SIGN_STYLE = Automatic;
				INFOPLIST_FILE = OutfitCheckTests/Info.plist;
				IPHONEOS_DEPLOYMENT_TARGET = 13.2;
				LD_RUNPATH_SEARCH_PATHS = (
					"$(inherited)",
					"@executable_path/Frameworks",
					"@loader_path/Frameworks",
				);
				PRODUCT_BUNDLE_IDENTIFIER = karla.OutfitCheckTests;
				PRODUCT_NAME = "$(TARGET_NAME)";
				SWIFT_VERSION = 5.0;
				TARGETED_DEVICE_FAMILY = "1,2";
				TEST_HOST = "$(BUILT_PRODUCTS_DIR)/OutfitCheck.app/OutfitCheck";
			};
			name = Release;
		};
		CEDB9D2824197A74005C45F4 /* Debug */ = {
			isa = XCBuildConfiguration;
			baseConfigurationReference = 4663943DAF3060D9AC6DAB6D /* Pods-OutfitCheck-OutfitCheckUITests.debug.xcconfig */;
			buildSettings = {
				ALWAYS_EMBED_SWIFT_STANDARD_LIBRARIES = YES;
				CODE_SIGN_STYLE = Automatic;
				INFOPLIST_FILE = OutfitCheckUITests/Info.plist;
				LD_RUNPATH_SEARCH_PATHS = (
					"$(inherited)",
					"@executable_path/Frameworks",
					"@loader_path/Frameworks",
				);
				PRODUCT_BUNDLE_IDENTIFIER = karla.OutfitCheckUITests;
				PRODUCT_NAME = "$(TARGET_NAME)";
				SWIFT_VERSION = 5.0;
				TARGETED_DEVICE_FAMILY = "1,2";
				TEST_TARGET_NAME = OutfitCheck;
			};
			name = Debug;
		};
		CEDB9D2924197A74005C45F4 /* Release */ = {
			isa = XCBuildConfiguration;
			baseConfigurationReference = F328CCAA7565A70B836EDD76 /* Pods-OutfitCheck-OutfitCheckUITests.release.xcconfig */;
			buildSettings = {
				ALWAYS_EMBED_SWIFT_STANDARD_LIBRARIES = YES;
				CODE_SIGN_STYLE = Automatic;
				INFOPLIST_FILE = OutfitCheckUITests/Info.plist;
				LD_RUNPATH_SEARCH_PATHS = (
					"$(inherited)",
					"@executable_path/Frameworks",
					"@loader_path/Frameworks",
				);
				PRODUCT_BUNDLE_IDENTIFIER = karla.OutfitCheckUITests;
				PRODUCT_NAME = "$(TARGET_NAME)";
				SWIFT_VERSION = 5.0;
				TARGETED_DEVICE_FAMILY = "1,2";
				TEST_TARGET_NAME = OutfitCheck;
			};
			name = Release;
		};
/* End XCBuildConfiguration section */

/* Begin XCConfigurationList section */
		CEDB9CF224197A70005C45F4 /* Build configuration list for PBXProject "OutfitCheck" */ = {
			isa = XCConfigurationList;
			buildConfigurations = (
				CEDB9D1F24197A73005C45F4 /* Debug */,
				CEDB9D2024197A73005C45F4 /* Release */,
			);
			defaultConfigurationIsVisible = 0;
			defaultConfigurationName = Release;
		};
		CEDB9D2124197A74005C45F4 /* Build configuration list for PBXNativeTarget "OutfitCheck" */ = {
			isa = XCConfigurationList;
			buildConfigurations = (
				CEDB9D2224197A74005C45F4 /* Debug */,
				CEDB9D2324197A74005C45F4 /* Release */,
			);
			defaultConfigurationIsVisible = 0;
			defaultConfigurationName = Release;
		};
		CEDB9D2424197A74005C45F4 /* Build configuration list for PBXNativeTarget "OutfitCheckTests" */ = {
			isa = XCConfigurationList;
			buildConfigurations = (
				CEDB9D2524197A74005C45F4 /* Debug */,
				CEDB9D2624197A74005C45F4 /* Release */,
			);
			defaultConfigurationIsVisible = 0;
			defaultConfigurationName = Release;
		};
		CEDB9D2724197A74005C45F4 /* Build configuration list for PBXNativeTarget "OutfitCheckUITests" */ = {
			isa = XCConfigurationList;
			buildConfigurations = (
				CEDB9D2824197A74005C45F4 /* Debug */,
				CEDB9D2924197A74005C45F4 /* Release */,
			);
			defaultConfigurationIsVisible = 0;
			defaultConfigurationName = Release;
		};
/* End XCConfigurationList section */
	};
	rootObject = CEDB9CEF24197A70005C45F4 /* Project object */;
}
